// !$*UTF8*$!
{
	archiveVersion = 1;
	classes = {
	};
	objectVersion = 46;
	objects = {

/* Begin PBXBuildFile section */
		304821121DA0FE1100DCE718 /* AppDelegate.swift in Sources */ = {isa = PBXBuildFile; fileRef = 304821111DA0FE1100DCE718 /* AppDelegate.swift */; };
		304821141DA0FE1100DCE718 /* ViewController.swift in Sources */ = {isa = PBXBuildFile; fileRef = 304821131DA0FE1100DCE718 /* ViewController.swift */; };
		304821171DA0FE1100DCE718 /* Main.storyboard in Resources */ = {isa = PBXBuildFile; fileRef = 304821151DA0FE1100DCE718 /* Main.storyboard */; };
		304821191DA0FE1100DCE718 /* Assets.xcassets in Resources */ = {isa = PBXBuildFile; fileRef = 304821181DA0FE1100DCE718 /* Assets.xcassets */; };
		3048211C1DA0FE1100DCE718 /* LaunchScreen.storyboard in Resources */ = {isa = PBXBuildFile; fileRef = 3048211A1DA0FE1100DCE718 /* LaunchScreen.storyboard */; };
		304821251DA0FE6D00DCE718 /* BasicElements.swift in Sources */ = {isa = PBXBuildFile; fileRef = 304821241DA0FE6D00DCE718 /* BasicElements.swift */; };
		304821291DA0FE7A00DCE718 /* Swiper.swift in Sources */ = {isa = PBXBuildFile; fileRef = 304821261DA0FE7A00DCE718 /* Swiper.swift */; };
		3048212A1DA0FE7A00DCE718 /* ParkSystem.swift in Sources */ = {isa = PBXBuildFile; fileRef = 304821271DA0FE7A00DCE718 /* ParkSystem.swift */; };
		3048212B1DA0FE7A00DCE718 /* Entrant.swift in Sources */ = {isa = PBXBuildFile; fileRef = 304821281DA0FE7A00DCE718 /* Entrant.swift */; };
/* End PBXBuildFile section */

/* Begin PBXFileReference section */
		3048210E1DA0FE1100DCE718 /* AmusementParkPassGeneratorPart2.app */ = {isa = PBXFileReference; explicitFileType = wrapper.application; includeInIndex = 0; path = AmusementParkPassGeneratorPart2.app; sourceTree = BUILT_PRODUCTS_DIR; };
		304821111DA0FE1100DCE718 /* AppDelegate.swift */ = {isa = PBXFileReference; lastKnownFileType = sourcecode.swift; path = AppDelegate.swift; sourceTree = "<group>"; };
		304821131DA0FE1100DCE718 /* ViewController.swift */ = {isa = PBXFileReference; lastKnownFileType = sourcecode.swift; path = ViewController.swift; sourceTree = "<group>"; };
		304821161DA0FE1100DCE718 /* Base */ = {isa = PBXFileReference; lastKnownFileType = file.storyboard; name = Base; path = Base.lproj/Main.storyboard; sourceTree = "<group>"; };
		304821181DA0FE1100DCE718 /* Assets.xcassets */ = {isa = PBXFileReference; lastKnownFileType = folder.assetcatalog; path = Assets.xcassets; sourceTree = "<group>"; };
		3048211B1DA0FE1100DCE718 /* Base */ = {isa = PBXFileReference; lastKnownFileType = file.storyboard; name = Base; path = Base.lproj/LaunchScreen.storyboard; sourceTree = "<group>"; };
		3048211D1DA0FE1100DCE718 /* Info.plist */ = {isa = PBXFileReference; lastKnownFileType = text.plist.xml; path = Info.plist; sourceTree = "<group>"; };
		304821241DA0FE6D00DCE718 /* BasicElements.swift */ = {isa = PBXFileReference; fileEncoding = 4; lastKnownFileType = sourcecode.swift; path = BasicElements.swift; sourceTree = "<group>"; };
		304821261DA0FE7A00DCE718 /* Swiper.swift */ = {isa = PBXFileReference; fileEncoding = 4; lastKnownFileType = sourcecode.swift; path = Swiper.swift; sourceTree = "<group>"; };
		304821271DA0FE7A00DCE718 /* ParkSystem.swift */ = {isa = PBXFileReference; fileEncoding = 4; lastKnownFileType = sourcecode.swift; path = ParkSystem.swift; sourceTree = "<group>"; };
		304821281DA0FE7A00DCE718 /* Entrant.swift */ = {isa = PBXFileReference; fileEncoding = 4; lastKnownFileType = sourcecode.swift; path = Entrant.swift; sourceTree = "<group>"; };
/* End PBXFileReference section */

/* Begin PBXFrameworksBuildPhase section */
		3048210B1DA0FE1100DCE718 /* Frameworks */ = {
			isa = PBXFrameworksBuildPhase;
			buildActionMask = 2147483647;
			files = (
			);
			runOnlyForDeploymentPostprocessing = 0;
		};
/* End PBXFrameworksBuildPhase section */

/* Begin PBXGroup section */
		304821051DA0FE1100DCE718 = {
			isa = PBXGroup;
			children = (
				304821101DA0FE1100DCE718 /* AmusementParkPassGeneratorPart2 */,
				3048210F1DA0FE1100DCE718 /* Products */,
			);
			sourceTree = "<group>";
		};
		3048210F1DA0FE1100DCE718 /* Products */ = {
			isa = PBXGroup;
			children = (
				3048210E1DA0FE1100DCE718 /* AmusementParkPassGeneratorPart2.app */,
			);
			name = Products;
			sourceTree = "<group>";
		};
		304821101DA0FE1100DCE718 /* AmusementParkPassGeneratorPart2 */ = {
			isa = PBXGroup;
			children = (
				304821111DA0FE1100DCE718 /* AppDelegate.swift */,
				304821131DA0FE1100DCE718 /* ViewController.swift */,
				304821151DA0FE1100DCE718 /* Main.storyboard */,
				304821181DA0FE1100DCE718 /* Assets.xcassets */,
				3048211A1DA0FE1100DCE718 /* LaunchScreen.storyboard */,
				3048211D1DA0FE1100DCE718 /* Info.plist */,
				304821231DA0FE5900DCE718 /* Model */,
			);
			path = AmusementParkPassGeneratorPart2;
			sourceTree = "<group>";
		};
		304821231DA0FE5900DCE718 /* Model */ = {
			isa = PBXGroup;
			children = (
				304821241DA0FE6D00DCE718 /* BasicElements.swift */,
				304821261DA0FE7A00DCE718 /* Swiper.swift */,
				304821271DA0FE7A00DCE718 /* ParkSystem.swift */,
				304821281DA0FE7A00DCE718 /* Entrant.swift */,
			);
			name = Model;
			sourceTree = "<group>";
		};
/* End PBXGroup section */

/* Begin PBXNativeTarget section */
		3048210D1DA0FE1100DCE718 /* AmusementParkPassGeneratorPart2 */ = {
			isa = PBXNativeTarget;
			buildConfigurationList = 304821201DA0FE1100DCE718 /* Build configuration list for PBXNativeTarget "AmusementParkPassGeneratorPart2" */;
			buildPhases = (
				3048210A1DA0FE1100DCE718 /* Sources */,
				3048210B1DA0FE1100DCE718 /* Frameworks */,
				3048210C1DA0FE1100DCE718 /* Resources */,
			);
			buildRules = (
			);
			dependencies = (
			);
			name = AmusementParkPassGeneratorPart2;
			productName = AmusementParkPassGeneratorPart2;
			productReference = 3048210E1DA0FE1100DCE718 /* AmusementParkPassGeneratorPart2.app */;
			productType = "com.apple.product-type.application";
		};
/* End PBXNativeTarget section */

/* Begin PBXProject section */
		304821061DA0FE1100DCE718 /* Project object */ = {
			isa = PBXProject;
			attributes = {
				LastSwiftUpdateCheck = 0730;
				LastUpgradeCheck = 0730;
				ORGANIZATIONNAME = "Safwat Shenouda";
				TargetAttributes = {
					3048210D1DA0FE1100DCE718 = {
						CreatedOnToolsVersion = 7.3.1;
					};
				};
			};
			buildConfigurationList = 304821091DA0FE1100DCE718 /* Build configuration list for PBXProject "AmusementParkPassGeneratorPart2" */;
			compatibilityVersion = "Xcode 3.2";
			developmentRegion = English;
			hasScannedForEncodings = 0;
			knownRegions = (
				en,
				Base,
			);
			mainGroup = 304821051DA0FE1100DCE718;
			productRefGroup = 3048210F1DA0FE1100DCE718 /* Products */;
			projectDirPath = "";
			projectRoot = "";
			targets = (
				3048210D1DA0FE1100DCE718 /* AmusementParkPassGeneratorPart2 */,
			);
		};
/* End PBXProject section */

/* Begin PBXResourcesBuildPhase section */
		3048210C1DA0FE1100DCE718 /* Resources */ = {
			isa = PBXResourcesBuildPhase;
			buildActionMask = 2147483647;
			files = (
				3048211C1DA0FE1100DCE718 /* LaunchScreen.storyboard in Resources */,
				304821191DA0FE1100DCE718 /* Assets.xcassets in Resources */,
				304821171DA0FE1100DCE718 /* Main.storyboard in Resources */,
			);
			runOnlyForDeploymentPostprocessing = 0;
		};
/* End PBXResourcesBuildPhase section */

/* Begin PBXSourcesBuildPhase section */
		3048210A1DA0FE1100DCE718 /* Sources */ = {
			isa = PBXSourcesBuildPhase;
			buildActionMask = 2147483647;
			files = (
				3048212B1DA0FE7A00DCE718 /* Entrant.swift in Sources */,
				304821251DA0FE6D00DCE718 /* BasicElements.swift in Sources */,
				304821291DA0FE7A00DCE718 /* Swiper.swift in Sources */,
				3048212A1DA0FE7A00DCE718 /* ParkSystem.swift in Sources */,
				304821141DA0FE1100DCE718 /* ViewController.swift in Sources */,
				304821121DA0FE1100DCE718 /* AppDelegate.swift in Sources */,
			);
			runOnlyForDeploymentPostprocessing = 0;
		};
/* End PBXSourcesBuildPhase section */

/* Begin PBXVariantGroup section */
		304821151DA0FE1100DCE718 /* Main.storyboard */ = {
			isa = PBXVariantGroup;
			children = (
				304821161DA0FE1100DCE718 /* Base */,
			);
			name = Main.storyboard;
			sourceTree = "<group>";
		};
		3048211A1DA0FE1100DCE718 /* LaunchScreen.storyboard */ = {
			isa = PBXVariantGroup;
			children = (
				3048211B1DA0FE1100DCE718 /* Base */,
			);
			name = LaunchScreen.storyboard;
			sourceTree = "<group>";
		};
/* End PBXVariantGroup section */

/* Begin XCBuildConfiguration section */
		3048211E1DA0FE1100DCE718 /* Debug */ = {
			isa = XCBuildConfiguration;
			buildSettings = {
				ALWAYS_SEARCH_USER_PATHS = NO;
				CLANG_ANALYZER_NONNULL = YES;
				CLANG_CXX_LANGUAGE_STANDARD = "gnu++0x";
				CLANG_CXX_LIBRARY = "libc++";
				CLANG_ENABLE_MODULES = YES;
				CLANG_ENABLE_OBJC_ARC = YES;
				CLANG_WARN_BOOL_CONVERSION = YES;
				CLANG_WARN_CONSTANT_CONVERSION = YES;
				CLANG_WARN_DIRECT_OBJC_ISA_USAGE = YES_ERROR;
				CLANG_WARN_EMPTY_BODY = YES;
				CLANG_WARN_ENUM_CONVERSION = YES;
				CLANG_WARN_INT_CONVERSION = YES;
				CLANG_WARN_OBJC_ROOT_CLASS = YES_ERROR;
				CLANG_WARN_UNREACHABLE_CODE = YES;
				CLANG_WARN__DUPLICATE_METHOD_MATCH = YES;
				"CODE_SIGN_IDENTITY[sdk=iphoneos*]" = "iPhone Developer";
				COPY_PHASE_STRIP = NO;
				DEBUG_INFORMATION_FORMAT = dwarf;
				ENABLE_STRICT_OBJC_MSGSEND = YES;
				ENABLE_TESTABILITY = YES;
				GCC_C_LANGUAGE_STANDARD = gnu99;
				GCC_DYNAMIC_NO_PIC = NO;
				GCC_NO_COMMON_BLOCKS = YES;
				GCC_OPTIMIZATION_LEVEL = 0;
				GCC_PREPROCESSOR_DEFINITIONS = (
					"DEBUG=1",
					"$(inherited)",
				);
				GCC_WARN_64_TO_32_BIT_CONVERSION = YES;
				GCC_WARN_ABOUT_RETURN_TYPE = YES_ERROR;
				GCC_WARN_UNDECLARED_SELECTOR = YES;
				GCC_WARN_UNINITIALIZED_AUTOS = YES_AGGRESSIVE;
				GCC_WARN_UNUSED_FUNCTION = YES;
				GCC_WARN_UNUSED_VARIABLE = YES;
				IPHONEOS_DEPLOYMENT_TARGET = 9.3;
				MTL_ENABLE_DEBUG_INFO = YES;
				ONLY_ACTIVE_ARCH = YES;
				SDKROOT = iphoneos;
				SWIFT_OPTIMIZATION_LEVEL = "-Onone";
				TARGETED_DEVICE_FAMILY = "1,2";
			};
			name = Debug;
		};
		3048211F1DA0FE1100DCE718 /* Release */ = {
			isa = XCBuildConfiguration;
			buildSettings = {
				ALWAYS_SEARCH_USER_PATHS = NO;
				CLANG_ANALYZER_NONNULL = YES;
				CLANG_CXX_LANGUAGE_STANDARD = "gnu++0x";
				CLANG_CXX_LIBRARY = "libc++";
				CLANG_ENABLE_MODULES = YES;
				CLANG_ENABLE_OBJC_ARC = YES;
				CLANG_WARN_BOOL_CONVERSION = YES;
				CLANG_WARN_CONSTANT_CONVERSION = YES;
				CLANG_WARN_DIRECT_OBJC_ISA_USAGE = YES_ERROR;
				CLANG_WARN_EMPTY_BODY = YES;
				CLANG_WARN_ENUM_CONVERSION = YES;
				CLANG_WARN_INT_CONVERSION = YES;
				CLANG_WARN_OBJC_ROOT_CLASS = YES_ERROR;
				CLANG_WARN_UNREACHABLE_CODE = YES;
				CLANG_WARN__DUPLICATE_METHOD_MATCH = YES;
				"CODE_SIGN_IDENTITY[sdk=iphoneos*]" = "iPhone Developer";
				COPY_PHASE_STRIP = NO;
				DEBUG_INFORMATION_FORMAT = "dwarf-with-dsym";
				ENABLE_NS_ASSERTIONS = NO;
				ENABLE_STRICT_OBJC_MSGSEND = YES;
				GCC_C_LANGUAGE_STANDARD = gnu99;
				GCC_NO_COMMON_BLOCKS = YES;
				GCC_WARN_64_TO_32_BIT_CONVERSION = YES;
				GCC_WARN_ABOUT_RETURN_TYPE = YES_ERROR;
				GCC_WARN_UNDECLARED_SELECTOR = YES;
				GCC_WARN_UNINITIALIZED_AUTOS = YES_AGGRESSIVE;
				GCC_WARN_UNUSED_FUNCTION = YES;
				GCC_WARN_UNUSED_VARIABLE = YES;
				IPHONEOS_DEPLOYMENT_TARGET = 9.3;
				MTL_ENABLE_DEBUG_INFO = NO;
				SDKROOT = iphoneos;
				TARGETED_DEVICE_FAMILY = "1,2";
				VALIDATE_PRODUCT = YES;
			};
			name = Release;
		};
		304821211DA0FE1100DCE718 /* Debug */ = {
			isa = XCBuildConfiguration;
			buildSettings = {
				ASSETCATALOG_COMPILER_APPICON_NAME = AppIcon;
				INFOPLIST_FILE = AmusementParkPassGeneratorPart2/Info.plist;
				LD_RUNPATH_SEARCH_PATHS = "$(inherited) @executable_path/Frameworks";
				PRODUCT_BUNDLE_IDENTIFIER = com.safwat.AmusementParkPassGeneratorPart2;
				PRODUCT_NAME = "$(TARGET_NAME)";
			};
			name = Debug;
		};
		304821221DA0FE1100DCE718 /* Release */ = {
			isa = XCBuildConfiguration;
			buildSettings = {
				ASSETCATALOG_COMPILER_APPICON_NAME = AppIcon;
				INFOPLIST_FILE = AmusementParkPassGeneratorPart2/Info.plist;
				LD_RUNPATH_SEARCH_PATHS = "$(inherited) @executable_path/Frameworks";
				PRODUCT_BUNDLE_IDENTIFIER = com.safwat.AmusementParkPassGeneratorPart2;
				PRODUCT_NAME = "$(TARGET_NAME)";
			};
			name = Release;
		};
/* End XCBuildConfiguration section */

/* Begin XCConfigurationList section */
		304821091DA0FE1100DCE718 /* Build configuration list for PBXProject "AmusementParkPassGeneratorPart2" */ = {
			isa = XCConfigurationList;
			buildConfigurations = (
				3048211E1DA0FE1100DCE718 /* Debug */,
				3048211F1DA0FE1100DCE718 /* Release */,
			);
			defaultConfigurationIsVisible = 0;
			defaultConfigurationName = Release;
		};
		304821201DA0FE1100DCE718 /* Build configuration list for PBXNativeTarget "AmusementParkPassGeneratorPart2" */ = {
			isa = XCConfigurationList;
			buildConfigurations = (
				304821211DA0FE1100DCE718 /* Debug */,
				304821221DA0FE1100DCE718 /* Release */,
			);
			defaultConfigurationIsVisible = 0;
		};
/* End XCConfigurationList section */
	};
	rootObject = 304821061DA0FE1100DCE718 /* Project object */;
}
